
Microsoft Visual Studio Solution File, Format Version 12.00
# Visual Studio Version 16
VisualStudioVersion = 16.0.31321.278
MinimumVisualStudioVersion = 10.0.40219.1
Project("{FAE04EC0-301F-11D3-BF4B-00C04F79EFBC}") = "Variables_Houston_Morgan", "Variables_Houston_Morgan.csproj", "{9A8F16A6-BBC3-40A8-BA31-B5768BBD85C4}"
EndProject
Global
	GlobalSection(SolutionConfigurationPlatforms) = preSolution
		Debug|Any CPU = Debug|Any CPU
		Release|Any CPU = Release|Any CPU
	EndGlobalSection
	GlobalSection(ProjectConfigurationPlatforms) = postSolution
		{9A8F16A6-BBC3-40A8-BA31-B5768BBD85C4}.Debug|Any CPU.ActiveCfg = Debug|Any CPU
		{9A8F16A6-BBC3-40A8-BA31-B5768BBD85C4}.Debug|Any CPU.Build.0 = Debug|Any CPU
		{9A8F16A6-BBC3-40A8-BA31-B5768BBD85C4}.Release|Any CPU.ActiveCfg = Release|Any CPU
		{9A8F16A6-BBC3-40A8-BA31-B5768BBD85C4}.Release|Any CPU.Build.0 = Release|Any CPU
	EndGlobalSection
	GlobalSection(SolutionProperties) = preSolution
		HideSolutionNode = FALSE
	EndGlobalSection
	GlobalSection(ExtensibilityGlobals) = postSolution
		SolutionGuid = {72A0D79C-B458-47F6-84CA-C54BD804968D}
	EndGlobalSection
EndGlobal
